
Microsoft Visual Studio Solution File, Format Version 12.00
# Visual Studio Version 17
VisualStudioVersion = 17.4.33213.308
MinimumVisualStudioVersion = 10.0.40219.1
Project("{FAE04EC0-301F-11D3-BF4B-00C04F79EFBC}") = "Zadanie3", "Zadanie3.csproj", "{4592394A-5104-4AA5-8173-E35D0921880D}"
EndProject
Global
	GlobalSection(SolutionConfigurationPlatforms) = preSolution
		Debug|Any CPU = Debug|Any CPU
		Release|Any CPU = Release|Any CPU
	EndGlobalSection
	GlobalSection(ProjectConfigurationPlatforms) = postSolution
		{4592394A-5104-4AA5-8173-E35D0921880D}.Debug|Any CPU.ActiveCfg = Debug|Any CPU
		{4592394A-5104-4AA5-8173-E35D0921880D}.Debug|Any CPU.Build.0 = Debug|Any CPU
		{4592394A-5104-4AA5-8173-E35D0921880D}.Release|Any CPU.ActiveCfg = Release|Any CPU
		{4592394A-5104-4AA5-8173-E35D0921880D}.Release|Any CPU.Build.0 = Release|Any CPU
	EndGlobalSection
	GlobalSection(SolutionProperties) = preSolution
		HideSolutionNode = FALSE
	EndGlobalSection
	GlobalSection(ExtensibilityGlobals) = postSolution
		SolutionGuid = {D5BA8BB5-378E-4637-854D-442CF24F4A9B}
	EndGlobalSection
EndGlobal
